
Microsoft Visual Studio Solution File, Format Version 12.00
# Visual Studio Version 17
VisualStudioVersion = 17.14.36408.4 d17.14
MinimumVisualStudioVersion = 10.0.40219.1
Project("{FAE04EC0-301F-11D3-BF4B-00C04F79EFBC}") = "DadosMysqlCadastro", "DadosMysqlCadastro\DadosMysqlCadastro.csproj", "{DBAE15E8-C408-4246-8780-B44C7609A0E7}"
EndProject
Global
	GlobalSection(SolutionConfigurationPlatforms) = preSolution
		Debug|Any CPU = Debug|Any CPU
		Release|Any CPU = Release|Any CPU
	EndGlobalSection
	GlobalSection(ProjectConfigurationPlatforms) = postSolution
		{DBAE15E8-C408-4246-8780-B44C7609A0E7}.Debug|Any CPU.ActiveCfg = Debug|Any CPU
		{DBAE15E8-C408-4246-8780-B44C7609A0E7}.Debug|Any CPU.Build.0 = Debug|Any CPU
		{DBAE15E8-C408-4246-8780-B44C7609A0E7}.Release|Any CPU.ActiveCfg = Release|Any CPU
		{DBAE15E8-C408-4246-8780-B44C7609A0E7}.Release|Any CPU.Build.0 = Release|Any CPU
	EndGlobalSection
	GlobalSection(SolutionProperties) = preSolution
		HideSolutionNode = FALSE
	EndGlobalSection
	GlobalSection(ExtensibilityGlobals) = postSolution
		SolutionGuid = {4519BB7A-92CB-426C-A5CD-B83306F192DF}
	EndGlobalSection
EndGlobal
